
Microsoft Visual Studio Solution File, Format Version 12.00
# Visual Studio 15
VisualStudioVersion = 15.0.28307.438
MinimumVisualStudioVersion = 10.0.40219.1
Project("{9A19103F-16F7-4668-BE54-9A1E7A4F7556}") = "RMG", "RMG\RMG.csproj", "{12B08146-87A4-4BBD-9C3E-3677C806E446}"
EndProject
Project("{2150E333-8FDC-42A3-9474-1A3956D46DE8}") = "UPS.APIServices", "UPS.APIServices", "{D00FE9D8-E624-4A03-9C8B-159344E3C3C6}"
EndProject
Project("{9A19103F-16F7-4668-BE54-9A1E7A4F7556}") = "UPS.AddressTranslationService", "UPS.AddressTranslationService\UPS.AddressTranslationService.csproj", "{6528DB59-A14B-454F-A2E7-22CED561BA2E}"
EndProject
Global
	GlobalSection(SolutionConfigurationPlatforms) = preSolution
		Debug|Any CPU = Debug|Any CPU
		Release|Any CPU = Release|Any CPU
	EndGlobalSection
	GlobalSection(ProjectConfigurationPlatforms) = postSolution
		{12B08146-87A4-4BBD-9C3E-3677C806E446}.Debug|Any CPU.ActiveCfg = Debug|Any CPU
		{12B08146-87A4-4BBD-9C3E-3677C806E446}.Debug|Any CPU.Build.0 = Debug|Any CPU
		{12B08146-87A4-4BBD-9C3E-3677C806E446}.Release|Any CPU.ActiveCfg = Release|Any CPU
		{12B08146-87A4-4BBD-9C3E-3677C806E446}.Release|Any CPU.Build.0 = Release|Any CPU
		{6528DB59-A14B-454F-A2E7-22CED561BA2E}.Debug|Any CPU.ActiveCfg = Debug|Any CPU
		{6528DB59-A14B-454F-A2E7-22CED561BA2E}.Debug|Any CPU.Build.0 = Debug|Any CPU
		{6528DB59-A14B-454F-A2E7-22CED561BA2E}.Release|Any CPU.ActiveCfg = Release|Any CPU
		{6528DB59-A14B-454F-A2E7-22CED561BA2E}.Release|Any CPU.Build.0 = Release|Any CPU
	EndGlobalSection
	GlobalSection(SolutionProperties) = preSolution
		HideSolutionNode = FALSE
	EndGlobalSection
	GlobalSection(NestedProjects) = preSolution
		{6528DB59-A14B-454F-A2E7-22CED561BA2E} = {D00FE9D8-E624-4A03-9C8B-159344E3C3C6}
	EndGlobalSection
	GlobalSection(ExtensibilityGlobals) = postSolution
		SolutionGuid = {C9A70C0A-3C7D-4AEE-A95E-60847BDA9D7B}
	EndGlobalSection
EndGlobal
